
Microsoft Visual Studio Solution File, Format Version 12.00
# Visual Studio Version 16
VisualStudioVersion = 16.0.31205.134
MinimumVisualStudioVersion = 10.0.40219.1
Project("{FAE04EC0-301F-11D3-BF4B-00C04F79EFBC}") = "TheRevision", "TheRevision\TheRevision.csproj", "{FEB23E93-B1C7-44B0-A479-60102858D516}"
EndProject
Global
	GlobalSection(SolutionConfigurationPlatforms) = preSolution
		Debug|Any CPU = Debug|Any CPU
		Release|Any CPU = Release|Any CPU
	EndGlobalSection
	GlobalSection(ProjectConfigurationPlatforms) = postSolution
		{FEB23E93-B1C7-44B0-A479-60102858D516}.Debug|Any CPU.ActiveCfg = Debug|Any CPU
		{FEB23E93-B1C7-44B0-A479-60102858D516}.Debug|Any CPU.Build.0 = Debug|Any CPU
		{FEB23E93-B1C7-44B0-A479-60102858D516}.Release|Any CPU.ActiveCfg = Release|Any CPU
		{FEB23E93-B1C7-44B0-A479-60102858D516}.Release|Any CPU.Build.0 = Release|Any CPU
	EndGlobalSection
	GlobalSection(SolutionProperties) = preSolution
		HideSolutionNode = FALSE
	EndGlobalSection
	GlobalSection(ExtensibilityGlobals) = postSolution
		SolutionGuid = {B74A6A02-6F89-4050-ADEE-E41F2E0626A5}
	EndGlobalSection
EndGlobal
